
Microsoft Visual Studio Solution File, Format Version 12.00
# Visual Studio Version 16
VisualStudioVersion = 16.0.28803.352
MinimumVisualStudioVersion = 10.0.40219.1
Project("{FAE04EC0-301F-11D3-BF4B-00C04F79EFBC}") = "HRHourglass", "HRHourglass\HRHourglass.csproj", "{725329D6-C5AC-4FC5-9715-7A56F232A86B}"
EndProject
Global
	GlobalSection(SolutionConfigurationPlatforms) = preSolution
		Debug|Any CPU = Debug|Any CPU
		Release|Any CPU = Release|Any CPU
	EndGlobalSection
	GlobalSection(ProjectConfigurationPlatforms) = postSolution
		{725329D6-C5AC-4FC5-9715-7A56F232A86B}.Debug|Any CPU.ActiveCfg = Debug|Any CPU
		{725329D6-C5AC-4FC5-9715-7A56F232A86B}.Debug|Any CPU.Build.0 = Debug|Any CPU
		{725329D6-C5AC-4FC5-9715-7A56F232A86B}.Release|Any CPU.ActiveCfg = Release|Any CPU
		{725329D6-C5AC-4FC5-9715-7A56F232A86B}.Release|Any CPU.Build.0 = Release|Any CPU
	EndGlobalSection
	GlobalSection(SolutionProperties) = preSolution
		HideSolutionNode = FALSE
	EndGlobalSection
	GlobalSection(ExtensibilityGlobals) = postSolution
		SolutionGuid = {A40AEADC-F848-4707-8179-221000268C65}
	EndGlobalSection
EndGlobal
